// !$*UTF8*$!
{
	archiveVersion = 1;
	classes = {
	};
	objectVersion = 50;
	objects = {

/* Begin PBXBuildFile section */
		6B1DB949229B8F23007B27EB /* BaseViewController.m in Sources */ = {isa = PBXBuildFile; fileRef = 6B1DB948229B8F23007B27EB /* BaseViewController.m */; };
		6B1DB94E229BB4FA007B27EB /* TestTemplateViewController.m in Sources */ = {isa = PBXBuildFile; fileRef = 6B1DB94D229BB4FA007B27EB /* TestTemplateViewController.m */; };
		6B1DB953229BB8A7007B27EB /* IDETemplateMacros.plist in Resources */ = {isa = PBXBuildFile; fileRef = 6B1DB952229BB8A7007B27EB /* IDETemplateMacros.plist */; };
		6B1DB959229BBAE8007B27EB /* Test.m in Sources */ = {isa = PBXBuildFile; fileRef = 6B1DB958229BBAE8007B27EB /* Test.m */; };
		6B1DB95C229BBB67007B27EB /* BaseTestViewController.m in Sources */ = {isa = PBXBuildFile; fileRef = 6B1DB95B229BBB67007B27EB /* BaseTestViewController.m */; };
		6B22950A22251D880007B9E2 /* AppDelegate.m in Sources */ = {isa = PBXBuildFile; fileRef = 6B22950922251D880007B9E2 /* AppDelegate.m */; };
		6B22950D22251D880007B9E2 /* ViewController.m in Sources */ = {isa = PBXBuildFile; fileRef = 6B22950C22251D880007B9E2 /* ViewController.m */; };
		6B22951022251D880007B9E2 /* Main.storyboard in Resources */ = {isa = PBXBuildFile; fileRef = 6B22950E22251D880007B9E2 /* Main.storyboard */; };
		6B22951222251D8A0007B9E2 /* Assets.xcassets in Resources */ = {isa = PBXBuildFile; fileRef = 6B22951122251D8A0007B9E2 /* Assets.xcassets */; };
		6B22951522251D8A0007B9E2 /* LaunchScreen.storyboard in Resources */ = {isa = PBXBuildFile; fileRef = 6B22951322251D8A0007B9E2 /* LaunchScreen.storyboard */; };
		6B22951822251D8A0007B9E2 /* main.m in Sources */ = {isa = PBXBuildFile; fileRef = 6B22951722251D8A0007B9E2 /* main.m */; };
		6B22952122251DC60007B9E2 /* PKShowPopView.m in Sources */ = {isa = PBXBuildFile; fileRef = 6B22952022251DC60007B9E2 /* PKShowPopView.m */; };
/* End PBXBuildFile section */

/* Begin PBXFileReference section */
		6B1DB947229B8F23007B27EB /* BaseViewController.h */ = {isa = PBXFileReference; lastKnownFileType = sourcecode.c.h; path = BaseViewController.h; sourceTree = "<group>"; };
		6B1DB948229B8F23007B27EB /* BaseViewController.m */ = {isa = PBXFileReference; lastKnownFileType = sourcecode.c.objc; path = BaseViewController.m; sourceTree = "<group>"; };
		6B1DB94C229BB4FA007B27EB /* TestTemplateViewController.h */ = {isa = PBXFileReference; lastKnownFileType = sourcecode.c.h; path = TestTemplateViewController.h; sourceTree = "<group>"; };
		6B1DB94D229BB4FA007B27EB /* TestTemplateViewController.m */ = {isa = PBXFileReference; lastKnownFileType = sourcecode.c.objc; path = TestTemplateViewController.m; sourceTree = "<group>"; };
		6B1DB952229BB8A7007B27EB /* IDETemplateMacros.plist */ = {isa = PBXFileReference; lastKnownFileType = text.plist.xml; path = IDETemplateMacros.plist; sourceTree = "<group>"; };
		6B1DB957229BBAE8007B27EB /* Test.h */ = {isa = PBXFileReference; lastKnownFileType = sourcecode.c.h; path = Test.h; sourceTree = "<group>"; };
		6B1DB958229BBAE8007B27EB /* Test.m */ = {isa = PBXFileReference; lastKnownFileType = sourcecode.c.objc; path = Test.m; sourceTree = "<group>"; };
		6B1DB95A229BBB67007B27EB /* BaseTestViewController.h */ = {isa = PBXFileReference; lastKnownFileType = sourcecode.c.h; path = BaseTestViewController.h; sourceTree = "<group>"; };
		6B1DB95B229BBB67007B27EB /* BaseTestViewController.m */ = {isa = PBXFileReference; lastKnownFileType = sourcecode.c.objc; path = BaseTestViewController.m; sourceTree = "<group>"; };
		6B22950522251D880007B9E2 /* ShowDemo.app */ = {isa = PBXFileReference; explicitFileType = wrapper.application; includeInIndex = 0; path = ShowDemo.app; sourceTree = BUILT_PRODUCTS_DIR; };
		6B22950822251D880007B9E2 /* AppDelegate.h */ = {isa = PBXFileReference; lastKnownFileType = sourcecode.c.h; path = AppDelegate.h; sourceTree = "<group>"; };
		6B22950922251D880007B9E2 /* AppDelegate.m */ = {isa = PBXFileReference; lastKnownFileType = sourcecode.c.objc; path = AppDelegate.m; sourceTree = "<group>"; };
		6B22950B22251D880007B9E2 /* ViewController.h */ = {isa = PBXFileReference; lastKnownFileType = sourcecode.c.h; path = ViewController.h; sourceTree = "<group>"; };
		6B22950C22251D880007B9E2 /* ViewController.m */ = {isa = PBXFileReference; lastKnownFileType = sourcecode.c.objc; path = ViewController.m; sourceTree = "<group>"; };
		6B22950F22251D880007B9E2 /* Base */ = {isa = PBXFileReference; lastKnownFileType = file.storyboard; name = Base; path = Base.lproj/Main.storyboard; sourceTree = "<group>"; };
		6B22951122251D8A0007B9E2 /* Assets.xcassets */ = {isa = PBXFileReference; lastKnownFileType = folder.assetcatalog; path = Assets.xcassets; sourceTree = "<group>"; };
		6B22951422251D8A0007B9E2 /* Base */ = {isa = PBXFileReference; lastKnownFileType = file.storyboard; name = Base; path = Base.lproj/LaunchScreen.storyboard; sourceTree = "<group>"; };
		6B22951622251D8A0007B9E2 /* Info.plist */ = {isa = PBXFileReference; lastKnownFileType = text.plist.xml; path = Info.plist; sourceTree = "<group>"; };
		6B22951722251D8A0007B9E2 /* main.m */ = {isa = PBXFileReference; lastKnownFileType = sourcecode.c.objc; path = main.m; sourceTree = "<group>"; };
		6B22951F22251DC50007B9E2 /* PKShowPopView.h */ = {isa = PBXFileReference; fileEncoding = 4; lastKnownFileType = sourcecode.c.h; path = PKShowPopView.h; sourceTree = "<group>"; };
		6B22952022251DC60007B9E2 /* PKShowPopView.m */ = {isa = PBXFileReference; fileEncoding = 4; lastKnownFileType = sourcecode.c.objc; path = PKShowPopView.m; sourceTree = "<group>"; };
/* End PBXFileReference section */

/* Begin PBXFrameworksBuildPhase section */
		6B22950222251D880007B9E2 /* Frameworks */ = {
			isa = PBXFrameworksBuildPhase;
			buildActionMask = 2147483647;
			files = (
			);
			runOnlyForDeploymentPostprocessing = 0;
		};
/* End PBXFrameworksBuildPhase section */

/* Begin PBXGroup section */
		6B2294FC22251D880007B9E2 = {
			isa = PBXGroup;
			children = (
				6B22950722251D880007B9E2 /* ShowDemo */,
				6B22950622251D880007B9E2 /* Products */,
			);
			sourceTree = "<group>";
		};
		6B22950622251D880007B9E2 /* Products */ = {
			isa = PBXGroup;
			children = (
				6B22950522251D880007B9E2 /* ShowDemo.app */,
			);
			name = Products;
			sourceTree = "<group>";
		};
		6B22950722251D880007B9E2 /* ShowDemo */ = {
			isa = PBXGroup;
			children = (
				6B22951E22251DAF0007B9E2 /* PKShowPopView */,
				6B22950822251D880007B9E2 /* AppDelegate.h */,
				6B22950922251D880007B9E2 /* AppDelegate.m */,
				6B22950B22251D880007B9E2 /* ViewController.h */,
				6B22950C22251D880007B9E2 /* ViewController.m */,
				6B1DB947229B8F23007B27EB /* BaseViewController.h */,
				6B1DB948229B8F23007B27EB /* BaseViewController.m */,
				6B1DB94C229BB4FA007B27EB /* TestTemplateViewController.h */,
				6B1DB94D229BB4FA007B27EB /* TestTemplateViewController.m */,
				6B1DB952229BB8A7007B27EB /* IDETemplateMacros.plist */,
				6B1DB957229BBAE8007B27EB /* Test.h */,
				6B1DB95A229BBB67007B27EB /* BaseTestViewController.h */,
				6B1DB95B229BBB67007B27EB /* BaseTestViewController.m */,
				6B1DB958229BBAE8007B27EB /* Test.m */,
				6B22950E22251D880007B9E2 /* Main.storyboard */,
				6B22951122251D8A0007B9E2 /* Assets.xcassets */,
				6B22951322251D8A0007B9E2 /* LaunchScreen.storyboard */,
				6B22951622251D8A0007B9E2 /* Info.plist */,
				6B22951722251D8A0007B9E2 /* main.m */,
			);
			path = ShowDemo;
			sourceTree = "<group>";
		};
		6B22951E22251DAF0007B9E2 /* PKShowPopView */ = {
			isa = PBXGroup;
			children = (
				6B22951F22251DC50007B9E2 /* PKShowPopView.h */,
				6B22952022251DC60007B9E2 /* PKShowPopView.m */,
			);
			path = PKShowPopView;
			sourceTree = "<group>";
		};
/* End PBXGroup section */

/* Begin PBXNativeTarget section */
		6B22950422251D880007B9E2 /* ShowDemo */ = {
			isa = PBXNativeTarget;
			buildConfigurationList = 6B22951B22251D8A0007B9E2 /* Build configuration list for PBXNativeTarget "ShowDemo" */;
			buildPhases = (
				6B22950122251D880007B9E2 /* Sources */,
				6B22950222251D880007B9E2 /* Frameworks */,
				6B22950322251D880007B9E2 /* Resources */,
			);
			buildRules = (
			);
			dependencies = (
			);
			name = ShowDemo;
			productName = ShowDemo;
			productReference = 6B22950522251D880007B9E2 /* ShowDemo.app */;
			productType = "com.apple.product-type.application";
		};
/* End PBXNativeTarget section */

/* Begin PBXProject section */
		6B2294FD22251D880007B9E2 /* Project object */ = {
			isa = PBXProject;
			attributes = {
				LastUpgradeCheck = 1010;
				ORGANIZATIONNAME = pengk;
				TargetAttributes = {
					6B22950422251D880007B9E2 = {
						CreatedOnToolsVersion = 10.1;
					};
				};
			};
			buildConfigurationList = 6B22950022251D880007B9E2 /* Build configuration list for PBXProject "ShowDemo" */;
			compatibilityVersion = "Xcode 9.3";
			developmentRegion = en;
			hasScannedForEncodings = 0;
			knownRegions = (
				en,
				Base,
			);
			mainGroup = 6B2294FC22251D880007B9E2;
			productRefGroup = 6B22950622251D880007B9E2 /* Products */;
			projectDirPath = "";
			projectRoot = "";
			targets = (
				6B22950422251D880007B9E2 /* ShowDemo */,
			);
		};
/* End PBXProject section */

/* Begin PBXResourcesBuildPhase section */
		6B22950322251D880007B9E2 /* Resources */ = {
			isa = PBXResourcesBuildPhase;
			buildActionMask = 2147483647;
			files = (
				6B1DB953229BB8A7007B27EB /* IDETemplateMacros.plist in Resources */,
				6B22951522251D8A0007B9E2 /* LaunchScreen.storyboard in Resources */,
				6B22951222251D8A0007B9E2 /* Assets.xcassets in Resources */,
				6B22951022251D880007B9E2 /* Main.storyboard in Resources */,
			);
			runOnlyForDeploymentPostprocessing = 0;
		};
/* End PBXResourcesBuildPhase section */

/* Begin PBXSourcesBuildPhase section */
		6B22950122251D880007B9E2 /* Sources */ = {
			isa = PBXSourcesBuildPhase;
			buildActionMask = 2147483647;
			files = (
				6B22952122251DC60007B9E2 /* PKShowPopView.m in Sources */,
				6B1DB959229BBAE8007B27EB /* Test.m in Sources */,
				6B1DB949229B8F23007B27EB /* BaseViewController.m in Sources */,
				6B1DB94E229BB4FA007B27EB /* TestTemplateViewController.m in Sources */,
				6B22950D22251D880007B9E2 /* ViewController.m in Sources */,
				6B1DB95C229BBB67007B27EB /* BaseTestViewController.m in Sources */,
				6B22951822251D8A0007B9E2 /* main.m in Sources */,
				6B22950A22251D880007B9E2 /* AppDelegate.m in Sources */,
			);
			runOnlyForDeploymentPostprocessing = 0;
		};
/* End PBXSourcesBuildPhase section */

/* Begin PBXVariantGroup section */
		6B22950E22251D880007B9E2 /* Main.storyboard */ = {
			isa = PBXVariantGroup;
			children = (
				6B22950F22251D880007B9E2 /* Base */,
			);
			name = Main.storyboard;
			sourceTree = "<group>";
		};
		6B22951322251D8A0007B9E2 /* LaunchScreen.storyboard */ = {
			isa = PBXVariantGroup;
			children = (
				6B22951422251D8A0007B9E2 /* Base */,
			);
			name = LaunchScreen.storyboard;
			sourceTree = "<group>";
		};
/* End PBXVariantGroup section */

/* Begin XCBuildConfiguration section */
		6B22951922251D8A0007B9E2 /* Debug */ = {
			isa = XCBuildConfiguration;
			buildSettings = {
				ALWAYS_SEARCH_USER_PATHS = NO;
				CLANG_ANALYZER_NONNULL = YES;
				CLANG_ANALYZER_NUMBER_OBJECT_CONVERSION = YES_AGGRESSIVE;
				CLANG_CXX_LANGUAGE_STANDARD = "gnu++14";
				CLANG_CXX_LIBRARY = "libc++";
				CLANG_ENABLE_MODULES = YES;
				CLANG_ENABLE_OBJC_ARC = YES;
				CLANG_ENABLE_OBJC_WEAK = YES;
				CLANG_WARN_BLOCK_CAPTURE_AUTORELEASING = YES;
				CLANG_WARN_BOOL_CONVERSION = YES;
				CLANG_WARN_COMMA = YES;
				CLANG_WARN_CONSTANT_CONVERSION = YES;
				CLANG_WARN_DEPRECATED_OBJC_IMPLEMENTATIONS = YES;
				CLANG_WARN_DIRECT_OBJC_ISA_USAGE = YES_ERROR;
				CLANG_WARN_DOCUMENTATION_COMMENTS = YES;
				CLANG_WARN_EMPTY_BODY = YES;
				CLANG_WARN_ENUM_CONVERSION = YES;
				CLANG_WARN_INFINITE_RECURSION = YES;
				CLANG_WARN_INT_CONVERSION = YES;
				CLANG_WARN_NON_LITERAL_NULL_CONVERSION = YES;
				CLANG_WARN_OBJC_IMPLICIT_RETAIN_SELF = YES;
				CLANG_WARN_OBJC_LITERAL_CONVERSION = YES;
				CLANG_WARN_OBJC_ROOT_CLASS = YES_ERROR;
				CLANG_WARN_RANGE_LOOP_ANALYSIS = YES;
				CLANG_WARN_STRICT_PROTOTYPES = YES;
				CLANG_WARN_SUSPICIOUS_MOVE = YES;
				CLANG_WARN_UNGUARDED_AVAILABILITY = YES_AGGRESSIVE;
				CLANG_WARN_UNREACHABLE_CODE = YES;
				CLANG_WARN__DUPLICATE_METHOD_MATCH = YES;
				CODE_SIGN_IDENTITY = "iPhone Developer";
				COPY_PHASE_STRIP = NO;
				DEBUG_INFORMATION_FORMAT = dwarf;
				ENABLE_STRICT_OBJC_MSGSEND = YES;
				ENABLE_TESTABILITY = YES;
				GCC_C_LANGUAGE_STANDARD = gnu11;
				GCC_DYNAMIC_NO_PIC = NO;
				GCC_NO_COMMON_BLOCKS = YES;
				GCC_OPTIMIZATION_LEVEL = 0;
				GCC_PREPROCESSOR_DEFINITIONS = (
					"DEBUG=1",
					"$(inherited)",
				);
				GCC_WARN_64_TO_32_BIT_CONVERSION = YES;
				GCC_WARN_ABOUT_RETURN_TYPE = YES_ERROR;
				GCC_WARN_UNDECLARED_SELECTOR = YES;
				GCC_WARN_UNINITIALIZED_AUTOS = YES_AGGRESSIVE;
				GCC_WARN_UNUSED_FUNCTION = YES;
				GCC_WARN_UNUSED_VARIABLE = YES;
				IPHONEOS_DEPLOYMENT_TARGET = 12.1;
				MTL_ENABLE_DEBUG_INFO = INCLUDE_SOURCE;
				MTL_FAST_MATH = YES;
				ONLY_ACTIVE_ARCH = YES;
				SDKROOT = iphoneos;
			};
			name = Debug;
		};
		6B22951A22251D8A0007B9E2 /* Release */ = {
			isa = XCBuildConfiguration;
			buildSettings = {
				ALWAYS_SEARCH_USER_PATHS = NO;
				CLANG_ANALYZER_NONNULL = YES;
				CLANG_ANALYZER_NUMBER_OBJECT_CONVERSION = YES_AGGRESSIVE;
				CLANG_CXX_LANGUAGE_STANDARD = "gnu++14";
				CLANG_CXX_LIBRARY = "libc++";
				CLANG_ENABLE_MODULES = YES;
				CLANG_ENABLE_OBJC_ARC = YES;
				CLANG_ENABLE_OBJC_WEAK = YES;
				CLANG_WARN_BLOCK_CAPTURE_AUTORELEASING = YES;
				CLANG_WARN_BOOL_CONVERSION = YES;
				CLANG_WARN_COMMA = YES;
				CLANG_WARN_CONSTANT_CONVERSION = YES;
				CLANG_WARN_DEPRECATED_OBJC_IMPLEMENTATIONS = YES;
				CLANG_WARN_DIRECT_OBJC_ISA_USAGE = YES_ERROR;
				CLANG_WARN_DOCUMENTATION_COMMENTS = YES;
				CLANG_WARN_EMPTY_BODY = YES;
				CLANG_WARN_ENUM_CONVERSION = YES;
				CLANG_WARN_INFINITE_RECURSION = YES;
				CLANG_WARN_INT_CONVERSION = YES;
				CLANG_WARN_NON_LITERAL_NULL_CONVERSION = YES;
				CLANG_WARN_OBJC_IMPLICIT_RETAIN_SELF = YES;
				CLANG_WARN_OBJC_LITERAL_CONVERSION = YES;
				CLANG_WARN_OBJC_ROOT_CLASS = YES_ERROR;
				CLANG_WARN_RANGE_LOOP_ANALYSIS = YES;
				CLANG_WARN_STRICT_PROTOTYPES = YES;
				CLANG_WARN_SUSPICIOUS_MOVE = YES;
				CLANG_WARN_UNGUARDED_AVAILABILITY = YES_AGGRESSIVE;
				CLANG_WARN_UNREACHABLE_CODE = YES;
				CLANG_WARN__DUPLICATE_METHOD_MATCH = YES;
				CODE_SIGN_IDENTITY = "iPhone Developer";
				COPY_PHASE_STRIP = NO;
				DEBUG_INFORMATION_FORMAT = "dwarf-with-dsym";
				ENABLE_NS_ASSERTIONS = NO;
				ENABLE_STRICT_OBJC_MSGSEND = YES;
				GCC_C_LANGUAGE_STANDARD = gnu11;
				GCC_NO_COMMON_BLOCKS = YES;
				GCC_WARN_64_TO_32_BIT_CONVERSION = YES;
				GCC_WARN_ABOUT_RETURN_TYPE = YES_ERROR;
				GCC_WARN_UNDECLARED_SELECTOR = YES;
				GCC_WARN_UNINITIALIZED_AUTOS = YES_AGGRESSIVE;
				GCC_WARN_UNUSED_FUNCTION = YES;
				GCC_WARN_UNUSED_VARIABLE = YES;
				IPHONEOS_DEPLOYMENT_TARGET = 12.1;
				MTL_ENABLE_DEBUG_INFO = NO;
				MTL_FAST_MATH = YES;
				SDKROOT = iphoneos;
				VALIDATE_PRODUCT = YES;
			};
			name = Release;
		};
		6B22951C22251D8A0007B9E2 /* Debug */ = {
			isa = XCBuildConfiguration;
			buildSettings = {
				ASSETCATALOG_COMPILER_APPICON_NAME = AppIcon;
				CODE_SIGN_STYLE = Automatic;
				DEVELOPMENT_TEAM = J6KU5RH9RK;
				INFOPLIST_FILE = ShowDemo/Info.plist;
				IPHONEOS_DEPLOYMENT_TARGET = 9.0;
				LD_RUNPATH_SEARCH_PATHS = (
					"$(inherited)",
					"@executable_path/Frameworks",
				);
				PRODUCT_BUNDLE_IDENTIFIER = com.pengk.ShowDemo;
				PRODUCT_NAME = "$(TARGET_NAME)";
				TARGETED_DEVICE_FAMILY = "1,2";
			};
			name = Debug;
		};
		6B22951D22251D8A0007B9E2 /* Release */ = {
			isa = XCBuildConfiguration;
			buildSettings = {
				ASSETCATALOG_COMPILER_APPICON_NAME = AppIcon;
				CODE_SIGN_STYLE = Automatic;
				DEVELOPMENT_TEAM = J6KU5RH9RK;
				INFOPLIST_FILE = ShowDemo/Info.plist;
				IPHONEOS_DEPLOYMENT_TARGET = 9.0;
				LD_RUNPATH_SEARCH_PATHS = (
					"$(inherited)",
					"@executable_path/Frameworks",
				);
				PRODUCT_BUNDLE_IDENTIFIER = com.pengk.ShowDemo;
				PRODUCT_NAME = "$(TARGET_NAME)";
				TARGETED_DEVICE_FAMILY = "1,2";
			};
			name = Release;
		};
/* End XCBuildConfiguration section */

/* Begin XCConfigurationList section */
		6B22950022251D880007B9E2 /* Build configuration list for PBXProject "ShowDemo" */ = {
			isa = XCConfigurationList;
			buildConfigurations = (
				6B22951922251D8A0007B9E2 /* Debug */,
				6B22951A22251D8A0007B9E2 /* Release */,
			);
			defaultConfigurationIsVisible = 0;
			defaultConfigurationName = Release;
		};
		6B22951B22251D8A0007B9E2 /* Build configuration list for PBXNativeTarget "ShowDemo" */ = {
			isa = XCConfigurationList;
			buildConfigurations = (
				6B22951C22251D8A0007B9E2 /* Debug */,
				6B22951D22251D8A0007B9E2 /* Release */,
			);
			defaultConfigurationIsVisible = 0;
			defaultConfigurationName = Release;
		};
/* End XCConfigurationList section */
	};
	rootObject = 6B2294FD22251D880007B9E2 /* Project object */;
}
